
Microsoft Visual Studio Solution File, Format Version 12.00
# Visual Studio Version 17
VisualStudioVersion = 17.11.35327.3
MinimumVisualStudioVersion = 10.0.40219.1
Project("{FAE04EC0-301F-11D3-BF4B-00C04F79EFBC}") = "ChatMiniApp.Server", "ChatMiniApp.Server\ChatMiniApp.Server.csproj", "{7C4B7F26-06C1-4734-AAE5-E505E98D4A37}"
EndProject
Project("{54A90642-561A-4BB1-A94E-469ADEE60C69}") = "chatminiapp.client", "chatminiapp.client\chatminiapp.client.esproj", "{671D8846-B29A-485C-A375-A13EDD22032A}"
EndProject
Global
	GlobalSection(SolutionConfigurationPlatforms) = preSolution
		Debug|Any CPU = Debug|Any CPU
		Release|Any CPU = Release|Any CPU
	EndGlobalSection
	GlobalSection(ProjectConfigurationPlatforms) = postSolution
		{7C4B7F26-06C1-4734-AAE5-E505E98D4A37}.Debug|Any CPU.ActiveCfg = Debug|Any CPU
		{7C4B7F26-06C1-4734-AAE5-E505E98D4A37}.Debug|Any CPU.Build.0 = Debug|Any CPU
		{7C4B7F26-06C1-4734-AAE5-E505E98D4A37}.Release|Any CPU.ActiveCfg = Release|Any CPU
		{7C4B7F26-06C1-4734-AAE5-E505E98D4A37}.Release|Any CPU.Build.0 = Release|Any CPU
		{671D8846-B29A-485C-A375-A13EDD22032A}.Debug|Any CPU.ActiveCfg = Debug|Any CPU
		{671D8846-B29A-485C-A375-A13EDD22032A}.Debug|Any CPU.Build.0 = Debug|Any CPU
		{671D8846-B29A-485C-A375-A13EDD22032A}.Debug|Any CPU.Deploy.0 = Debug|Any CPU
		{671D8846-B29A-485C-A375-A13EDD22032A}.Release|Any CPU.ActiveCfg = Release|Any CPU
		{671D8846-B29A-485C-A375-A13EDD22032A}.Release|Any CPU.Build.0 = Release|Any CPU
		{671D8846-B29A-485C-A375-A13EDD22032A}.Release|Any CPU.Deploy.0 = Release|Any CPU
	EndGlobalSection
	GlobalSection(SolutionProperties) = preSolution
		HideSolutionNode = FALSE
	EndGlobalSection
	GlobalSection(ExtensibilityGlobals) = postSolution
		SolutionGuid = {5AD37A5A-5B06-4C7F-A5DE-1ECFC1F69052}
	EndGlobalSection
EndGlobal
